<?xml version="1.0" encoding="UTF-8" standalone="yes" ?>
<CodeBlocks_project_file>
	<FileVersion major="1" minor="6" />
	<Project>
		<Option title="cAppMidiExample" />
		<Option pch_mode="2" />
		<Option compiler="gcc" />
		<Build>
			<Target title="Debug">
				<Option output="bin/Debug/cAppMidiExample" prefix_auto="1" extension_auto="1" />
				<Option object_output="obj/Debug/" />
				<Option type="1" />
				<Option compiler="gcc" />
				<Compiler>
					<Add option="-g" />
				</Compiler>
			</Target>
		</Build>
		<Compiler>
			<Add option="-Wall" />
		</Compiler>
		<Unit filename="Binasc.cpp" />
		<Unit filename="Binasc.h" />
		<Unit filename="MidiEvent.cpp" />
		<Unit filename="MidiEvent.h" />
		<Unit filename="MidiEventList.cpp" />
		<Unit filename="MidiEventList.h" />
		<Unit filename="MidiFile.cpp" />
		<Unit filename="MidiFile.h" />
		<Unit filename="MidiMessage.cpp" />
		<Unit filename="MidiMessage.h" />
		<Unit filename="Options.cpp" />
		<Unit filename="Options.h" />
		<Unit filename="main.cpp" />
		<Extensions>
			<code_completion />
			<envvars />
			<debugger />
			<lib_finder disable_auto="1" />
		</Extensions>
	</Project>
</CodeBlocks_project_file>
